# This file is autogenerated, do not edit; changes may be undone by the next 'dep ensure'.


[[projects]]
  name = "git.apache.org/thrift.git"
  packages = ["lib/go/thrift"]
  revision = "327ebb6c2b6df8bf075da02ef45a2a034e9b79ba"
  version = "0.11.0"

[[projects]]
  branch = "master"
  name = "golang.org/x/net"
  packages = ["context"]
  revision = "4cb1c02c05b0e749b0365f61ae859a8e0cfceed9"

[solve-meta]
  analyzer-name = "dep"
  analyzer-version = 1
  inputs-digest = "744652a4104d8442e131c5b300ab06be95e628763fa3a49c2759f2e9918284b6"
  solver-name = "gps-cdcl"
  solver-version = 1
